
Microsoft Visual Studio Solution File, Format Version 12.00
# Visual Studio Version 16
VisualStudioVersion = 16.0.32126.315
MinimumVisualStudioVersion = 10.0.40219.1
Project("{2150E333-8FDC-42A3-9474-1A3956D46DE8}") = "01-Exercicio", "01-Exercicio", "{7E40EC25-7EE8-4325-82FC-15833433546C}"
EndProject
Project("{9A19103F-16F7-4668-BE54-9A1E7A4F7556}") = "Exercicio1", "Exercicio1\Exercicio1.csproj", "{F16BF19C-9462-462C-BE6D-720AAB0FDDE8}"
EndProject
Project("{2150E333-8FDC-42A3-9474-1A3956D46DE8}") = "02 -Exercicio", "02 -Exercicio", "{C8205857-DE38-44B3-97BB-F51FF589CB86}"
EndProject
Project("{9A19103F-16F7-4668-BE54-9A1E7A4F7556}") = "Exercicio2", "Exercicio2\Exercicio2.csproj", "{58DF863C-A1D8-4602-BD51-D2EC18545DAA}"
EndProject
Project("{2150E333-8FDC-42A3-9474-1A3956D46DE8}") = "03-Exercicio", "03-Exercicio", "{6FF6B3A6-8CF5-4825-82FB-F135C4F8D734}"
EndProject
Project("{9A19103F-16F7-4668-BE54-9A1E7A4F7556}") = "Exercicio3", "Exercicio3\Exercicio3.csproj", "{93BE5E1F-684A-4F7F-9BB7-4A6F7838B786}"
EndProject
Project("{2150E333-8FDC-42A3-9474-1A3956D46DE8}") = "04-Exercicio", "04-Exercicio", "{E1A8A95D-EA30-4789-A041-CC540A06D861}"
EndProject
Project("{9A19103F-16F7-4668-BE54-9A1E7A4F7556}") = "Exercicio4", "Exercicio4\Exercicio4.csproj", "{085F6992-F1C7-4BC3-8FFF-E85BC6DEB719}"
EndProject
Project("{2150E333-8FDC-42A3-9474-1A3956D46DE8}") = "05-Exercicio", "05-Exercicio", "{478EA8B9-6B40-4312-BCBB-9CF99EAFEDFA}"
EndProject
Project("{9A19103F-16F7-4668-BE54-9A1E7A4F7556}") = "Exercicio5", "Exercicio5\Exercicio5.csproj", "{A6D38F10-7987-4898-AC0B-48D1A7062363}"
EndProject
Project("{2150E333-8FDC-42A3-9474-1A3956D46DE8}") = "06-Exercicio", "06-Exercicio", "{076339E8-95D6-4357-B745-7D802AF152A3}"
EndProject
Project("{9A19103F-16F7-4668-BE54-9A1E7A4F7556}") = "Exercicio6", "Exercicio6\Exercicio6.csproj", "{C433E92B-DB37-4294-ACD7-BB2D767E8258}"
EndProject
Project("{2150E333-8FDC-42A3-9474-1A3956D46DE8}") = "07-Exercicio", "07-Exercicio", "{6B980488-533B-46F0-B239-ED34C49E1E6B}"
EndProject
Project("{FAE04EC0-301F-11D3-BF4B-00C04F79EFBC}") = "Exercicio7", "Exercicio7\Exercicio7.csproj", "{2DA8A5EB-4916-443A-BA41-C4E25A79B711}"
EndProject
Global
	GlobalSection(SolutionConfigurationPlatforms) = preSolution
		Debug|Any CPU = Debug|Any CPU
		Release|Any CPU = Release|Any CPU
	EndGlobalSection
	GlobalSection(ProjectConfigurationPlatforms) = postSolution
		{F16BF19C-9462-462C-BE6D-720AAB0FDDE8}.Debug|Any CPU.ActiveCfg = Debug|Any CPU
		{F16BF19C-9462-462C-BE6D-720AAB0FDDE8}.Debug|Any CPU.Build.0 = Debug|Any CPU
		{F16BF19C-9462-462C-BE6D-720AAB0FDDE8}.Release|Any CPU.ActiveCfg = Release|Any CPU
		{F16BF19C-9462-462C-BE6D-720AAB0FDDE8}.Release|Any CPU.Build.0 = Release|Any CPU
		{58DF863C-A1D8-4602-BD51-D2EC18545DAA}.Debug|Any CPU.ActiveCfg = Debug|Any CPU
		{58DF863C-A1D8-4602-BD51-D2EC18545DAA}.Debug|Any CPU.Build.0 = Debug|Any CPU
		{58DF863C-A1D8-4602-BD51-D2EC18545DAA}.Release|Any CPU.ActiveCfg = Release|Any CPU
		{58DF863C-A1D8-4602-BD51-D2EC18545DAA}.Release|Any CPU.Build.0 = Release|Any CPU
		{93BE5E1F-684A-4F7F-9BB7-4A6F7838B786}.Debug|Any CPU.ActiveCfg = Debug|Any CPU
		{93BE5E1F-684A-4F7F-9BB7-4A6F7838B786}.Debug|Any CPU.Build.0 = Debug|Any CPU
		{93BE5E1F-684A-4F7F-9BB7-4A6F7838B786}.Release|Any CPU.ActiveCfg = Release|Any CPU
		{93BE5E1F-684A-4F7F-9BB7-4A6F7838B786}.Release|Any CPU.Build.0 = Release|Any CPU
		{085F6992-F1C7-4BC3-8FFF-E85BC6DEB719}.Debug|Any CPU.ActiveCfg = Debug|Any CPU
		{085F6992-F1C7-4BC3-8FFF-E85BC6DEB719}.Debug|Any CPU.Build.0 = Debug|Any CPU
		{085F6992-F1C7-4BC3-8FFF-E85BC6DEB719}.Release|Any CPU.ActiveCfg = Release|Any CPU
		{085F6992-F1C7-4BC3-8FFF-E85BC6DEB719}.Release|Any CPU.Build.0 = Release|Any CPU
		{A6D38F10-7987-4898-AC0B-48D1A7062363}.Debug|Any CPU.ActiveCfg = Debug|Any CPU
		{A6D38F10-7987-4898-AC0B-48D1A7062363}.Debug|Any CPU.Build.0 = Debug|Any CPU
		{A6D38F10-7987-4898-AC0B-48D1A7062363}.Release|Any CPU.ActiveCfg = Release|Any CPU
		{A6D38F10-7987-4898-AC0B-48D1A7062363}.Release|Any CPU.Build.0 = Release|Any CPU
		{C433E92B-DB37-4294-ACD7-BB2D767E8258}.Debug|Any CPU.ActiveCfg = Debug|Any CPU
		{C433E92B-DB37-4294-ACD7-BB2D767E8258}.Debug|Any CPU.Build.0 = Debug|Any CPU
		{C433E92B-DB37-4294-ACD7-BB2D767E8258}.Release|Any CPU.ActiveCfg = Release|Any CPU
		{C433E92B-DB37-4294-ACD7-BB2D767E8258}.Release|Any CPU.Build.0 = Release|Any CPU
		{2DA8A5EB-4916-443A-BA41-C4E25A79B711}.Debug|Any CPU.ActiveCfg = Debug|Any CPU
		{2DA8A5EB-4916-443A-BA41-C4E25A79B711}.Debug|Any CPU.Build.0 = Debug|Any CPU
		{2DA8A5EB-4916-443A-BA41-C4E25A79B711}.Release|Any CPU.ActiveCfg = Release|Any CPU
		{2DA8A5EB-4916-443A-BA41-C4E25A79B711}.Release|Any CPU.Build.0 = Release|Any CPU
	EndGlobalSection
	GlobalSection(SolutionProperties) = preSolution
		HideSolutionNode = FALSE
	EndGlobalSection
	GlobalSection(NestedProjects) = preSolution
		{F16BF19C-9462-462C-BE6D-720AAB0FDDE8} = {7E40EC25-7EE8-4325-82FC-15833433546C}
		{58DF863C-A1D8-4602-BD51-D2EC18545DAA} = {C8205857-DE38-44B3-97BB-F51FF589CB86}
		{93BE5E1F-684A-4F7F-9BB7-4A6F7838B786} = {6FF6B3A6-8CF5-4825-82FB-F135C4F8D734}
		{085F6992-F1C7-4BC3-8FFF-E85BC6DEB719} = {E1A8A95D-EA30-4789-A041-CC540A06D861}
		{A6D38F10-7987-4898-AC0B-48D1A7062363} = {478EA8B9-6B40-4312-BCBB-9CF99EAFEDFA}
		{C433E92B-DB37-4294-ACD7-BB2D767E8258} = {076339E8-95D6-4357-B745-7D802AF152A3}
		{2DA8A5EB-4916-443A-BA41-C4E25A79B711} = {6B980488-533B-46F0-B239-ED34C49E1E6B}
	EndGlobalSection
	GlobalSection(ExtensibilityGlobals) = postSolution
		SolutionGuid = {5886852F-6193-4452-8AB5-20715D364700}
	EndGlobalSection
EndGlobal
